
Microsoft Visual Studio Solution File, Format Version 12.00
# Visual Studio Version 17
VisualStudioVersion = 17.10.35027.167
MinimumVisualStudioVersion = 10.0.40219.1
Project("{FAE04EC0-301F-11D3-BF4B-00C04F79EFBC}") = "ITI-Day4", "ITI-Day4\ITI-Day4.csproj", "{283C31A7-2BE8-4926-985A-28B9FE3ACB39}"
EndProject
Global
	GlobalSection(SolutionConfigurationPlatforms) = preSolution
		Debug|Any CPU = Debug|Any CPU
		Release|Any CPU = Release|Any CPU
	EndGlobalSection
	GlobalSection(ProjectConfigurationPlatforms) = postSolution
		{283C31A7-2BE8-4926-985A-28B9FE3ACB39}.Debug|Any CPU.ActiveCfg = Debug|Any CPU
		{283C31A7-2BE8-4926-985A-28B9FE3ACB39}.Debug|Any CPU.Build.0 = Debug|Any CPU
		{283C31A7-2BE8-4926-985A-28B9FE3ACB39}.Release|Any CPU.ActiveCfg = Release|Any CPU
		{283C31A7-2BE8-4926-985A-28B9FE3ACB39}.Release|Any CPU.Build.0 = Release|Any CPU
	EndGlobalSection
	GlobalSection(SolutionProperties) = preSolution
		HideSolutionNode = FALSE
	EndGlobalSection
	GlobalSection(ExtensibilityGlobals) = postSolution
		SolutionGuid = {9F2606F7-1EC5-4E8A-A1F2-B0FDAA48C691}
	EndGlobalSection
EndGlobal
